Microsoft Visual Studio Solution File, Format Version 12.00
# Visual Studio Version 17
VisualStudioVersion = 17.13.35931.197
MinimumVisualStudioVersion = 10.0.40219.1
Project("{2150E333-8FDC-42A3-9474-1A3956D46DE8}") = "Modules", "Modules", "{05FA0B0B-74BB-41F3-823A-9DB5727AE121}"
EndProject
Project("{8BC9CEB8-8B4A-11D0-8D11-00A0C91BC942}") = "Core", "Core/Intermediate/Projects/Core.vcxproj", "{DF376387-1AB9-432A-B2C3-161DA62A6961}"
EndProject
Project("{2150E333-8FDC-42A3-9474-1A3956D46DE8}") = "Programs", "Programs", "{34553340-E6EC-4C7C-A862-ED0F45647402}"
EndProject
Project("{FAE04EC0-301F-11D3-BF8B-00C04F79EFBC}") = "BuildTool", "Programs/DotNet/ProjectTools/BuildTool/BuildTool.csproj", "{787458E5-17A4-4A6D-A039-46C14A506186}"
EndProject
Project("{FAE04EC0-301F-11D3-BF8B-00C04F79EFBC}") = "Shared", "Programs/DotNet/ProjectTools/Shared/Shared.csproj", "{D306EA35-CEA0-424E-8D2F-9193C2C326D2}"
EndProject
Global
	GlobalSection(SolutionConfigurationPlatforms) = preSolution
		Debug|Windows = Debug|Windows
		Release|Windows = Release|Windows
		Debug|Any CPU = Debug|Any CPU
		Release|Any CPU = Release|Any CPU
	EndGlobalSection
	GlobalSection(ddbf523f-7eb6-4887-bd51-85a714ff87eb) = preSolution
		AvailablePlatforms=Windows;Any CPU
	EndGlobalSection
	GlobalSection(ProjectConfigurationPlatforms) = postSolution
		{DF376387-1AB9-432A-B2C3-161DA62A6961}.Debug|Windows.ActiveConfig = Debug|Windows
		{DF376387-1AB9-432A-B2C3-161DA62A6961}.Debug|Windows.Build = Debug|Windows
		{DF376387-1AB9-432A-B2C3-161DA62A6961}.Release|Windows.ActiveConfig = Release|Windows
		{DF376387-1AB9-432A-B2C3-161DA62A6961}.Release|Windows.Build = Release|Windows
		{787458E5-17A4-4A6D-A039-46C14A506186}.Debug|Any CPU.ActiveConfig = Debug|Any CPU
		{787458E5-17A4-4A6D-A039-46C14A506186}.Debug|Any CPU.Build = Debug|Any CPU
		{787458E5-17A4-4A6D-A039-46C14A506186}.Release|Any CPU.ActiveConfig = Release|Any CPU
		{787458E5-17A4-4A6D-A039-46C14A506186}.Release|Any CPU.Build = Release|Any CPU
		{D306EA35-CEA0-424E-8D2F-9193C2C326D2}.Debug|Any CPU.ActiveConfig = Debug|Any CPU
		{D306EA35-CEA0-424E-8D2F-9193C2C326D2}.Debug|Any CPU.Build = Debug|Any CPU
		{D306EA35-CEA0-424E-8D2F-9193C2C326D2}.Release|Any CPU.ActiveConfig = Release|Any CPU
		{D306EA35-CEA0-424E-8D2F-9193C2C326D2}.Release|Any CPU.Build = Release|Any CPU
	EndGlobalSection
	GlobalSection(SolutionProperties) = preSolution
		HideSolutionNode = FALSE
	EndGlobalSection
	GlobalSection(NestedProjects) = preSolution
		{787458E5-17A4-4A6D-A039-46C14A506186} = {34553340-E6EC-4C7C-A862-ED0F45647402}
		{D306EA35-CEA0-424E-8D2F-9193C2C326D2} = {34553340-E6EC-4C7C-A862-ED0F45647402}
		{DF376387-1AB9-432A-B2C3-161DA62A6961} = {05FA0B0B-74BB-41F3-823A-9DB5727AE121}
	EndGlobalSection
	GlobalSection(ExtensibilityGlobals) = postSolution
		SolutionGuid = {DDC23A23-1B75-41D0-928C-E82B2AB1A9DD}
	EndGlobalSection
EndGlobal
